
Microsoft Visual Studio Solution File, Format Version 12.00
# Visual Studio Version 17
VisualStudioVersion = 17.0.32014.148
MinimumVisualStudioVersion = 10.0.40219.1
Project("{FAE04EC0-301F-11D3-BF4B-00C04F79EFBC}") = "my_books", "my_books.csproj", "{1EB48766-2CC0-4150-9147-F570FC8F2EFC}"
EndProject
Global
	GlobalSection(SolutionConfigurationPlatforms) = preSolution
		Debug|Any CPU = Debug|Any CPU
		Release|Any CPU = Release|Any CPU
	EndGlobalSection
	GlobalSection(ProjectConfigurationPlatforms) = postSolution
		{1EB48766-2CC0-4150-9147-F570FC8F2EFC}.Debug|Any CPU.ActiveCfg = Debug|Any CPU
		{1EB48766-2CC0-4150-9147-F570FC8F2EFC}.Debug|Any CPU.Build.0 = Debug|Any CPU
		{1EB48766-2CC0-4150-9147-F570FC8F2EFC}.Release|Any CPU.ActiveCfg = Release|Any CPU
		{1EB48766-2CC0-4150-9147-F570FC8F2EFC}.Release|Any CPU.Build.0 = Release|Any CPU
	EndGlobalSection
	GlobalSection(SolutionProperties) = preSolution
		HideSolutionNode = FALSE
	EndGlobalSection
	GlobalSection(ExtensibilityGlobals) = postSolution
		SolutionGuid = {0A043A99-CCE4-426C-9966-528EAA38C72A}
	EndGlobalSection
EndGlobal
